// !$*UTF8*$!
{
	archiveVersion = 1;
	classes = {
	};
	objectVersion = 46;
	objects = {

/* Begin PBXBuildFile section */
		C48AA2401D5DAF8E00878CCA /* AppDelegate.swift in Sources */ = {isa = PBXBuildFile; fileRef = C48AA23F1D5DAF8E00878CCA /* AppDelegate.swift */; };
		C48AA2431D5DAF8E00878CCA /* buscadorLibrosTablas.xcdatamodeld in Sources */ = {isa = PBXBuildFile; fileRef = C48AA2411D5DAF8E00878CCA /* buscadorLibrosTablas.xcdatamodeld */; };
		C48AA2451D5DAF8E00878CCA /* MasterViewController.swift in Sources */ = {isa = PBXBuildFile; fileRef = C48AA2441D5DAF8E00878CCA /* MasterViewController.swift */; };
		C48AA2471D5DAF8E00878CCA /* DetailViewController.swift in Sources */ = {isa = PBXBuildFile; fileRef = C48AA2461D5DAF8E00878CCA /* DetailViewController.swift */; };
		C48AA24A1D5DAF8E00878CCA /* Main.storyboard in Resources */ = {isa = PBXBuildFile; fileRef = C48AA2481D5DAF8E00878CCA /* Main.storyboard */; };
		C48AA24C1D5DAF8E00878CCA /* Assets.xcassets in Resources */ = {isa = PBXBuildFile; fileRef = C48AA24B1D5DAF8E00878CCA /* Assets.xcassets */; };
		C48AA24F1D5DAF8E00878CCA /* LaunchScreen.storyboard in Resources */ = {isa = PBXBuildFile; fileRef = C48AA24D1D5DAF8E00878CCA /* LaunchScreen.storyboard */; };
		C48AA2571D5DBFD600878CCA /* BuscadorLibro.swift in Sources */ = {isa = PBXBuildFile; fileRef = C48AA2561D5DBFD600878CCA /* BuscadorLibro.swift */; };
		C49996861D6B934B004786BC /* libro.jpg in Resources */ = {isa = PBXBuildFile; fileRef = C49996851D6B934B004786BC /* libro.jpg */; };
		C49CF3C31D5F03E000C12477 /* Libro.swift in Sources */ = {isa = PBXBuildFile; fileRef = C49CF3C21D5F03E000C12477 /* Libro.swift */; };
/* End PBXBuildFile section */

/* Begin PBXFileReference section */
		C48AA23C1D5DAF8E00878CCA /* buscadorLibrosTablas.app */ = {isa = PBXFileReference; explicitFileType = wrapper.application; includeInIndex = 0; path = buscadorLibrosTablas.app; sourceTree = BUILT_PRODUCTS_DIR; };
		C48AA23F1D5DAF8E00878CCA /* AppDelegate.swift */ = {isa = PBXFileReference; lastKnownFileType = sourcecode.swift; path = AppDelegate.swift; sourceTree = "<group>"; };
		C48AA2421D5DAF8E00878CCA /* buscadorLibrosTablas.xcdatamodel */ = {isa = PBXFileReference; lastKnownFileType = wrapper.xcdatamodel; path = buscadorLibrosTablas.xcdatamodel; sourceTree = "<group>"; };
		C48AA2441D5DAF8E00878CCA /* MasterViewController.swift */ = {isa = PBXFileReference; lastKnownFileType = sourcecode.swift; path = MasterViewController.swift; sourceTree = "<group>"; };
		C48AA2461D5DAF8E00878CCA /* DetailViewController.swift */ = {isa = PBXFileReference; lastKnownFileType = sourcecode.swift; path = DetailViewController.swift; sourceTree = "<group>"; };
		C48AA2491D5DAF8E00878CCA /* Base */ = {isa = PBXFileReference; lastKnownFileType = file.storyboard; name = Base; path = Base.lproj/Main.storyboard; sourceTree = "<group>"; };
		C48AA24B1D5DAF8E00878CCA /* Assets.xcassets */ = {isa = PBXFileReference; lastKnownFileType = folder.assetcatalog; path = Assets.xcassets; sourceTree = "<group>"; };
		C48AA24E1D5DAF8E00878CCA /* Base */ = {isa = PBXFileReference; lastKnownFileType = file.storyboard; name = Base; path = Base.lproj/LaunchScreen.storyboard; sourceTree = "<group>"; };
		C48AA2501D5DAF8E00878CCA /* Info.plist */ = {isa = PBXFileReference; lastKnownFileType = text.plist.xml; path = Info.plist; sourceTree = "<group>"; };
		C48AA2561D5DBFD600878CCA /* BuscadorLibro.swift */ = {isa = PBXFileReference; fileEncoding = 4; lastKnownFileType = sourcecode.swift; path = BuscadorLibro.swift; sourceTree = "<group>"; };
		C49996851D6B934B004786BC /* libro.jpg */ = {isa = PBXFileReference; lastKnownFileType = image.jpeg; path = libro.jpg; sourceTree = "<group>"; };
		C49CF3C21D5F03E000C12477 /* Libro.swift */ = {isa = PBXFileReference; fileEncoding = 4; lastKnownFileType = sourcecode.swift; path = Libro.swift; sourceTree = "<group>"; };
/* End PBXFileReference section */

/* Begin PBXFrameworksBuildPhase section */
		C48AA2391D5DAF8E00878CCA /* Frameworks */ = {
			isa = PBXFrameworksBuildPhase;
			buildActionMask = 2147483647;
			files = (
			);
			runOnlyForDeploymentPostprocessing = 0;
		};
/* End PBXFrameworksBuildPhase section */

/* Begin PBXGroup section */
		C47131D21D60812E00AD1510 /* images */ = {
			isa = PBXGroup;
			children = (
				C49996851D6B934B004786BC /* libro.jpg */,
			);
			name = images;
			sourceTree = "<group>";
		};
		C48AA2331D5DAF8E00878CCA = {
			isa = PBXGroup;
			children = (
				C48AA23E1D5DAF8E00878CCA /* buscadorLibrosTablas */,
				C48AA23D1D5DAF8E00878CCA /* Products */,
			);
			sourceTree = "<group>";
		};
		C48AA23D1D5DAF8E00878CCA /* Products */ = {
			isa = PBXGroup;
			children = (
				C48AA23C1D5DAF8E00878CCA /* buscadorLibrosTablas.app */,
			);
			name = Products;
			sourceTree = "<group>";
		};
		C48AA23E1D5DAF8E00878CCA /* buscadorLibrosTablas */ = {
			isa = PBXGroup;
			children = (
				C47131D21D60812E00AD1510 /* images */,
				C48AA23F1D5DAF8E00878CCA /* AppDelegate.swift */,
				C48AA2441D5DAF8E00878CCA /* MasterViewController.swift */,
				C48AA2461D5DAF8E00878CCA /* DetailViewController.swift */,
				C48AA2481D5DAF8E00878CCA /* Main.storyboard */,
				C48AA24B1D5DAF8E00878CCA /* Assets.xcassets */,
				C48AA24D1D5DAF8E00878CCA /* LaunchScreen.storyboard */,
				C48AA2501D5DAF8E00878CCA /* Info.plist */,
				C48AA2411D5DAF8E00878CCA /* buscadorLibrosTablas.xcdatamodeld */,
				C48AA2561D5DBFD600878CCA /* BuscadorLibro.swift */,
				C49CF3C21D5F03E000C12477 /* Libro.swift */,
			);
			path = buscadorLibrosTablas;
			sourceTree = "<group>";
		};
/* End PBXGroup section */

/* Begin PBXNativeTarget section */
		C48AA23B1D5DAF8E00878CCA /* buscadorLibrosTablas */ = {
			isa = PBXNativeTarget;
			buildConfigurationList = C48AA2531D5DAF8E00878CCA /* Build configuration list for PBXNativeTarget "buscadorLibrosTablas" */;
			buildPhases = (
				C48AA2381D5DAF8E00878CCA /* Sources */,
				C48AA2391D5DAF8E00878CCA /* Frameworks */,
				C48AA23A1D5DAF8E00878CCA /* Resources */,
			);
			buildRules = (
			);
			dependencies = (
			);
			name = buscadorLibrosTablas;
			productName = buscadorLibrosTablas;
			productReference = C48AA23C1D5DAF8E00878CCA /* buscadorLibrosTablas.app */;
			productType = "com.apple.product-type.application";
		};
/* End PBXNativeTarget section */

/* Begin PBXProject section */
		C48AA2341D5DAF8E00878CCA /* Project object */ = {
			isa = PBXProject;
			attributes = {
				LastSwiftUpdateCheck = 0730;
				LastUpgradeCheck = 0730;
				ORGANIZATIONNAME = SebasFiol;
				TargetAttributes = {
					C48AA23B1D5DAF8E00878CCA = {
						CreatedOnToolsVersion = 7.3.1;
						DevelopmentTeam = NH77L6EUQH;
					};
				};
			};
			buildConfigurationList = C48AA2371D5DAF8E00878CCA /* Build configuration list for PBXProject "buscadorLibrosTablas" */;
			compatibilityVersion = "Xcode 3.2";
			developmentRegion = English;
			hasScannedForEncodings = 0;
			knownRegions = (
				en,
				Base,
			);
			mainGroup = C48AA2331D5DAF8E00878CCA;
			productRefGroup = C48AA23D1D5DAF8E00878CCA /* Products */;
			projectDirPath = "";
			projectRoot = "";
			targets = (
				C48AA23B1D5DAF8E00878CCA /* buscadorLibrosTablas */,
			);
		};
/* End PBXProject section */

/* Begin PBXResourcesBuildPhase section */
		C48AA23A1D5DAF8E00878CCA /* Resources */ = {
			isa = PBXResourcesBuildPhase;
			buildActionMask = 2147483647;
			files = (
				C49996861D6B934B004786BC /* libro.jpg in Resources */,
				C48AA24F1D5DAF8E00878CCA /* LaunchScreen.storyboard in Resources */,
				C48AA24C1D5DAF8E00878CCA /* Assets.xcassets in Resources */,
				C48AA24A1D5DAF8E00878CCA /* Main.storyboard in Resources */,
			);
			runOnlyForDeploymentPostprocessing = 0;
		};
/* End PBXResourcesBuildPhase section */

/* Begin PBXSourcesBuildPhase section */
		C48AA2381D5DAF8E00878CCA /* Sources */ = {
			isa = PBXSourcesBuildPhase;
			buildActionMask = 2147483647;
			files = (
				C49CF3C31D5F03E000C12477 /* Libro.swift in Sources */,
				C48AA2431D5DAF8E00878CCA /* buscadorLibrosTablas.xcdatamodeld in Sources */,
				C48AA2571D5DBFD600878CCA /* BuscadorLibro.swift in Sources */,
				C48AA2401D5DAF8E00878CCA /* AppDelegate.swift in Sources */,
				C48AA2451D5DAF8E00878CCA /* MasterViewController.swift in Sources */,
				C48AA2471D5DAF8E00878CCA /* DetailViewController.swift in Sources */,
			);
			runOnlyForDeploymentPostprocessing = 0;
		};
/* End PBXSourcesBuildPhase section */

/* Begin PBXVariantGroup section */
		C48AA2481D5DAF8E00878CCA /* Main.storyboard */ = {
			isa = PBXVariantGroup;
			children = (
				C48AA2491D5DAF8E00878CCA /* Base */,
			);
			name = Main.storyboard;
			sourceTree = "<group>";
		};
		C48AA24D1D5DAF8E00878CCA /* LaunchScreen.storyboard */ = {
			isa = PBXVariantGroup;
			children = (
				C48AA24E1D5DAF8E00878CCA /* Base */,
			);
			name = LaunchScreen.storyboard;
			sourceTree = "<group>";
		};
/* End PBXVariantGroup section */

/* Begin XCBuildConfiguration section */
		C48AA2511D5DAF8E00878CCA /* Debug */ = {
			isa = XCBuildConfiguration;
			buildSettings = {
				ALWAYS_SEARCH_USER_PATHS = NO;
				CLANG_ANALYZER_NONNULL = YES;
				CLANG_CXX_LANGUAGE_STANDARD = "gnu++0x";
				CLANG_CXX_LIBRARY = "libc++";
				CLANG_ENABLE_MODULES = YES;
				CLANG_ENABLE_OBJC_ARC = YES;
				CLANG_WARN_BOOL_CONVERSION = YES;
				CLANG_WARN_CONSTANT_CONVERSION = YES;
				CLANG_WARN_DIRECT_OBJC_ISA_USAGE = YES_ERROR;
				CLANG_WARN_EMPTY_BODY = YES;
				CLANG_WARN_ENUM_CONVERSION = YES;
				CLANG_WARN_INT_CONVERSION = YES;
				CLANG_WARN_OBJC_ROOT_CLASS = YES_ERROR;
				CLANG_WARN_UNREACHABLE_CODE = YES;
				CLANG_WARN__DUPLICATE_METHOD_MATCH = YES;
				"CODE_SIGN_IDENTITY[sdk=iphoneos*]" = "iPhone Developer";
				COPY_PHASE_STRIP = NO;
				DEBUG_INFORMATION_FORMAT = dwarf;
				ENABLE_STRICT_OBJC_MSGSEND = YES;
				ENABLE_TESTABILITY = YES;
				GCC_C_LANGUAGE_STANDARD = gnu99;
				GCC_DYNAMIC_NO_PIC = NO;
				GCC_NO_COMMON_BLOCKS = YES;
				GCC_OPTIMIZATION_LEVEL = 0;
				GCC_PREPROCESSOR_DEFINITIONS = (
					"DEBUG=1",
					"$(inherited)",
				);
				GCC_WARN_64_TO_32_BIT_CONVERSION = YES;
				GCC_WARN_ABOUT_RETURN_TYPE = YES_ERROR;
				GCC_WARN_UNDECLARED_SELECTOR = YES;
				GCC_WARN_UNINITIALIZED_AUTOS = YES_AGGRESSIVE;
				GCC_WARN_UNUSED_FUNCTION = YES;
				GCC_WARN_UNUSED_VARIABLE = YES;
				IPHONEOS_DEPLOYMENT_TARGET = 9.3;
				MTL_ENABLE_DEBUG_INFO = YES;
				ONLY_ACTIVE_ARCH = YES;
				SDKROOT = iphoneos;
				SWIFT_OPTIMIZATION_LEVEL = "-Onone";
				TARGETED_DEVICE_FAMILY = "1,2";
			};
			name = Debug;
		};
		C48AA2521D5DAF8E00878CCA /* Release */ = {
			isa = XCBuildConfiguration;
			buildSettings = {
				ALWAYS_SEARCH_USER_PATHS = NO;
				CLANG_ANALYZER_NONNULL = YES;
				CLANG_CXX_LANGUAGE_STANDARD = "gnu++0x";
				CLANG_CXX_LIBRARY = "libc++";
				CLANG_ENABLE_MODULES = YES;
				CLANG_ENABLE_OBJC_ARC = YES;
				CLANG_WARN_BOOL_CONVERSION = YES;
				CLANG_WARN_CONSTANT_CONVERSION = YES;
				CLANG_WARN_DIRECT_OBJC_ISA_USAGE = YES_ERROR;
				CLANG_WARN_EMPTY_BODY = YES;
				CLANG_WARN_ENUM_CONVERSION = YES;
				CLANG_WARN_INT_CONVERSION = YES;
				CLANG_WARN_OBJC_ROOT_CLASS = YES_ERROR;
				CLANG_WARN_UNREACHABLE_CODE = YES;
				CLANG_WARN__DUPLICATE_METHOD_MATCH = YES;
				"CODE_SIGN_IDENTITY[sdk=iphoneos*]" = "iPhone Developer";
				COPY_PHASE_STRIP = NO;
				DEBUG_INFORMATION_FORMAT = "dwarf-with-dsym";
				ENABLE_NS_ASSERTIONS = NO;
				ENABLE_STRICT_OBJC_MSGSEND = YES;
				GCC_C_LANGUAGE_STANDARD = gnu99;
				GCC_NO_COMMON_BLOCKS = YES;
				GCC_WARN_64_TO_32_BIT_CONVERSION = YES;
				GCC_WARN_ABOUT_RETURN_TYPE = YES_ERROR;
				GCC_WARN_UNDECLARED_SELECTOR = YES;
				GCC_WARN_UNINITIALIZED_AUTOS = YES_AGGRESSIVE;
				GCC_WARN_UNUSED_FUNCTION = YES;
				GCC_WARN_UNUSED_VARIABLE = YES;
				IPHONEOS_DEPLOYMENT_TARGET = 9.3;
				MTL_ENABLE_DEBUG_INFO = NO;
				SDKROOT = iphoneos;
				TARGETED_DEVICE_FAMILY = "1,2";
				VALIDATE_PRODUCT = YES;
			};
			name = Release;
		};
		C48AA2541D5DAF8E00878CCA /* Debug */ = {
			isa = XCBuildConfiguration;
			buildSettings = {
				ASSETCATALOG_COMPILER_APPICON_NAME = AppIcon;
				INFOPLIST_FILE = buscadorLibrosTablas/Info.plist;
				LD_RUNPATH_SEARCH_PATHS = "$(inherited) @executable_path/Frameworks";
				PRODUCT_BUNDLE_IDENTIFIER = com.efeefe.buscadorLibrosTablas;
				PRODUCT_NAME = "$(TARGET_NAME)";
			};
			name = Debug;
		};
		C48AA2551D5DAF8E00878CCA /* Release */ = {
			isa = XCBuildConfiguration;
			buildSettings = {
				ASSETCATALOG_COMPILER_APPICON_NAME = AppIcon;
				INFOPLIST_FILE = buscadorLibrosTablas/Info.plist;
				LD_RUNPATH_SEARCH_PATHS = "$(inherited) @executable_path/Frameworks";
				PRODUCT_BUNDLE_IDENTIFIER = com.efeefe.buscadorLibrosTablas;
				PRODUCT_NAME = "$(TARGET_NAME)";
			};
			name = Release;
		};
/* End XCBuildConfiguration section */

/* Begin XCConfigurationList section */
		C48AA2371D5DAF8E00878CCA /* Build configuration list for PBXProject "buscadorLibrosTablas" */ = {
			isa = XCConfigurationList;
			buildConfigurations = (
				C48AA2511D5DAF8E00878CCA /* Debug */,
				C48AA2521D5DAF8E00878CCA /* Release */,
			);
			defaultConfigurationIsVisible = 0;
			defaultConfigurationName = Release;
		};
		C48AA2531D5DAF8E00878CCA /* Build configuration list for PBXNativeTarget "buscadorLibrosTablas" */ = {
			isa = XCConfigurationList;
			buildConfigurations = (
				C48AA2541D5DAF8E00878CCA /* Debug */,
				C48AA2551D5DAF8E00878CCA /* Release */,
			);
			defaultConfigurationIsVisible = 0;
			defaultConfigurationName = Release;
		};
/* End XCConfigurationList section */

/* Begin XCVersionGroup section */
		C48AA2411D5DAF8E00878CCA /* buscadorLibrosTablas.xcdatamodeld */ = {
			isa = XCVersionGroup;
			children = (
				C48AA2421D5DAF8E00878CCA /* buscadorLibrosTablas.xcdatamodel */,
			);
			currentVersion = C48AA2421D5DAF8E00878CCA /* buscadorLibrosTablas.xcdatamodel */;
			path = buscadorLibrosTablas.xcdatamodeld;
			sourceTree = "<group>";
			versionGroupType = wrapper.xcdatamodel;
		};
/* End XCVersionGroup section */
	};
	rootObject = C48AA2341D5DAF8E00878CCA /* Project object */;
}
